{
  "object": {
    "pins": [
      {
        "package": "MapplsAPICore",
        "repositoryURL": "https://github.com/mappls-api/mappls-api-core-ios-distribution.git",
        "state": {
          "branch": null,
          "revision": "8c1c2d8ac2c675e74486865218520810b01c973d",
          "version": "2.0.5"
        }
      },
      {
        "package": "MapplsAPIKit",
        "repositoryURL": "https://github.com/mappls-api/mappls-api-kit-ios-distribution.git",
        "state": {
          "branch": null,
          "revision": "b0803c274207e9169158397d8ffbc1bbbdb3ff06",
          "version": "3.0.1"
        }
      }
    ]
  },
  "version": 1
}
